
Microsoft Visual Studio Solution File, Format Version 12.00
# Visual Studio Version 17
VisualStudioVersion = 17.10.35122.118
MinimumVisualStudioVersion = 10.0.40219.1
Project("{FAE04EC0-301F-11D3-BF4B-00C04F79EFBC}") = "nx12", "nx12\nx12.csproj", "{D7F56825-815A-4C6A-8C2B-FEBAAC1D4EA9}"
EndProject
Global
	GlobalSection(SolutionConfigurationPlatforms) = preSolution
		Debug|Any CPU = Debug|Any CPU
		Release|Any CPU = Release|Any CPU
	EndGlobalSection
	GlobalSection(ProjectConfigurationPlatforms) = postSolution
		{D7F56825-815A-4C6A-8C2B-FEBAAC1D4EA9}.Debug|Any CPU.ActiveCfg = Debug|Any CPU
		{D7F56825-815A-4C6A-8C2B-FEBAAC1D4EA9}.Debug|Any CPU.Build.0 = Debug|Any CPU
		{D7F56825-815A-4C6A-8C2B-FEBAAC1D4EA9}.Release|Any CPU.ActiveCfg = Release|Any CPU
		{D7F56825-815A-4C6A-8C2B-FEBAAC1D4EA9}.Release|Any CPU.Build.0 = Release|Any CPU
	EndGlobalSection
	GlobalSection(SolutionProperties) = preSolution
		HideSolutionNode = FALSE
	EndGlobalSection
	GlobalSection(ExtensibilityGlobals) = postSolution
		SolutionGuid = {08A8BB13-BC24-4F8C-B101-8D652D3CF34D}
	EndGlobalSection
EndGlobal
